
Microsoft Visual Studio Solution File, Format Version 12.00
# Visual Studio Version 17
VisualStudioVersion = 17.0.31903.59
MinimumVisualStudioVersion = 10.0.40219.1
Project("{FAE04EC0-301F-11D3-BF4B-00C04F79EFBC}") = "WebDocTruyen.Domain", "WebDocTruyen.Domain\WebDocTruyen.Domain.csproj", "{BF287283-BDF0-4971-B91E-D454971803BD}"
EndProject
Project("{FAE04EC0-301F-11D3-BF4B-00C04F79EFBC}") = "WebDocTruyen.Application", "WebDocTruyen.Application\WebDocTruyen.Application.csproj", "{64C9CDD1-91C9-46EA-8F78-175ABD9C8145}"
EndProject
Project("{FAE04EC0-301F-11D3-BF4B-00C04F79EFBC}") = "WebDocTruyen.Infrastructure", "WebDocTruyen.Infrastructure\WebDocTruyen.Infrastructure.csproj", "{5CF1690C-FC89-4EA2-AE6A-EE95553B3EED}"
EndProject
Project("{FAE04EC0-301F-11D3-BF4B-00C04F79EFBC}") = "WebDocTruyen.Web", "WebDocTruyen.Web\WebDocTruyen.Web.csproj", "{B33702D2-8B8E-4B7E-A8F1-3E3F9E4D51AB}"
EndProject
Global
	GlobalSection(SolutionConfigurationPlatforms) = preSolution
		Debug|Any CPU = Debug|Any CPU
		Debug|x64 = Debug|x64
		Debug|x86 = Debug|x86
		Release|Any CPU = Release|Any CPU
		Release|x64 = Release|x64
		Release|x86 = Release|x86
	EndGlobalSection
	GlobalSection(ProjectConfigurationPlatforms) = postSolution
		{BF287283-BDF0-4971-B91E-D454971803BD}.Debug|Any CPU.ActiveCfg = Debug|Any CPU
		{BF287283-BDF0-4971-B91E-D454971803BD}.Debug|Any CPU.Build.0 = Debug|Any CPU
		{BF287283-BDF0-4971-B91E-D454971803BD}.Debug|x64.ActiveCfg = Debug|Any CPU
		{BF287283-BDF0-4971-B91E-D454971803BD}.Debug|x64.Build.0 = Debug|Any CPU
		{BF287283-BDF0-4971-B91E-D454971803BD}.Debug|x86.ActiveCfg = Debug|Any CPU
		{BF287283-BDF0-4971-B91E-D454971803BD}.Debug|x86.Build.0 = Debug|Any CPU
		{BF287283-BDF0-4971-B91E-D454971803BD}.Release|Any CPU.ActiveCfg = Release|Any CPU
		{BF287283-BDF0-4971-B91E-D454971803BD}.Release|Any CPU.Build.0 = Release|Any CPU
		{BF287283-BDF0-4971-B91E-D454971803BD}.Release|x64.ActiveCfg = Release|Any CPU
		{BF287283-BDF0-4971-B91E-D454971803BD}.Release|x64.Build.0 = Release|Any CPU
		{BF287283-BDF0-4971-B91E-D454971803BD}.Release|x86.ActiveCfg = Release|Any CPU
		{BF287283-BDF0-4971-B91E-D454971803BD}.Release|x86.Build.0 = Release|Any CPU
		{64C9CDD1-91C9-46EA-8F78-175ABD9C8145}.Debug|Any CPU.ActiveCfg = Debug|Any CPU
		{64C9CDD1-91C9-46EA-8F78-175ABD9C8145}.Debug|Any CPU.Build.0 = Debug|Any CPU
		{64C9CDD1-91C9-46EA-8F78-175ABD9C8145}.Debug|x64.ActiveCfg = Debug|Any CPU
		{64C9CDD1-91C9-46EA-8F78-175ABD9C8145}.Debug|x64.Build.0 = Debug|Any CPU
		{64C9CDD1-91C9-46EA-8F78-175ABD9C8145}.Debug|x86.ActiveCfg = Debug|Any CPU
		{64C9CDD1-91C9-46EA-8F78-175ABD9C8145}.Debug|x86.Build.0 = Debug|Any CPU
		{64C9CDD1-91C9-46EA-8F78-175ABD9C8145}.Release|Any CPU.ActiveCfg = Release|Any CPU
		{64C9CDD1-91C9-46EA-8F78-175ABD9C8145}.Release|Any CPU.Build.0 = Release|Any CPU
		{64C9CDD1-91C9-46EA-8F78-175ABD9C8145}.Release|x64.ActiveCfg = Release|Any CPU
		{64C9CDD1-91C9-46EA-8F78-175ABD9C8145}.Release|x64.Build.0 = Release|Any CPU
		{64C9CDD1-91C9-46EA-8F78-175ABD9C8145}.Release|x86.ActiveCfg = Release|Any CPU
		{64C9CDD1-91C9-46EA-8F78-175ABD9C8145}.Release|x86.Build.0 = Release|Any CPU
		{5CF1690C-FC89-4EA2-AE6A-EE95553B3EED}.Debug|Any CPU.ActiveCfg = Debug|Any CPU
		{5CF1690C-FC89-4EA2-AE6A-EE95553B3EED}.Debug|Any CPU.Build.0 = Debug|Any CPU
		{5CF1690C-FC89-4EA2-AE6A-EE95553B3EED}.Debug|x64.ActiveCfg = Debug|Any CPU
		{5CF1690C-FC89-4EA2-AE6A-EE95553B3EED}.Debug|x64.Build.0 = Debug|Any CPU
		{5CF1690C-FC89-4EA2-AE6A-EE95553B3EED}.Debug|x86.ActiveCfg = Debug|Any CPU
		{5CF1690C-FC89-4EA2-AE6A-EE95553B3EED}.Debug|x86.Build.0 = Debug|Any CPU
		{5CF1690C-FC89-4EA2-AE6A-EE95553B3EED}.Release|Any CPU.ActiveCfg = Release|Any CPU
		{5CF1690C-FC89-4EA2-AE6A-EE95553B3EED}.Release|Any CPU.Build.0 = Release|Any CPU
		{5CF1690C-FC89-4EA2-AE6A-EE95553B3EED}.Release|x64.ActiveCfg = Release|Any CPU
		{5CF1690C-FC89-4EA2-AE6A-EE95553B3EED}.Release|x64.Build.0 = Release|Any CPU
		{5CF1690C-FC89-4EA2-AE6A-EE95553B3EED}.Release|x86.ActiveCfg = Release|Any CPU
		{5CF1690C-FC89-4EA2-AE6A-EE95553B3EED}.Release|x86.Build.0 = Release|Any CPU
		{B33702D2-8B8E-4B7E-A8F1-3E3F9E4D51AB}.Debug|Any CPU.ActiveCfg = Debug|Any CPU
		{B33702D2-8B8E-4B7E-A8F1-3E3F9E4D51AB}.Debug|Any CPU.Build.0 = Debug|Any CPU
		{B33702D2-8B8E-4B7E-A8F1-3E3F9E4D51AB}.Debug|x64.ActiveCfg = Debug|Any CPU
		{B33702D2-8B8E-4B7E-A8F1-3E3F9E4D51AB}.Debug|x64.Build.0 = Debug|Any CPU
		{B33702D2-8B8E-4B7E-A8F1-3E3F9E4D51AB}.Debug|x86.ActiveCfg = Debug|Any CPU
		{B33702D2-8B8E-4B7E-A8F1-3E3F9E4D51AB}.Debug|x86.Build.0 = Debug|Any CPU
		{B33702D2-8B8E-4B7E-A8F1-3E3F9E4D51AB}.Release|Any CPU.ActiveCfg = Release|Any CPU
		{B33702D2-8B8E-4B7E-A8F1-3E3F9E4D51AB}.Release|Any CPU.Build.0 = Release|Any CPU
		{B33702D2-8B8E-4B7E-A8F1-3E3F9E4D51AB}.Release|x64.ActiveCfg = Release|Any CPU
		{B33702D2-8B8E-4B7E-A8F1-3E3F9E4D51AB}.Release|x64.Build.0 = Release|Any CPU
		{B33702D2-8B8E-4B7E-A8F1-3E3F9E4D51AB}.Release|x86.ActiveCfg = Release|Any CPU
		{B33702D2-8B8E-4B7E-A8F1-3E3F9E4D51AB}.Release|x86.Build.0 = Release|Any CPU
	EndGlobalSection
	GlobalSection(SolutionProperties) = preSolution
		HideSolutionNode = FALSE
	EndGlobalSection
EndGlobal
